
Microsoft Visual Studio Solution File, Format Version 12.00
# Visual Studio Version 17
VisualStudioVersion = 17.14.36429.23
MinimumVisualStudioVersion = 10.0.40219.1
Project("{8BC9CEB8-8B4A-11D0-8D11-00A0C91BC942}") = "Professional C++", "Professional C++\Professional C++.vcxproj", "{C086D628-3124-49BD-98B7-01B2AF114831}"
EndProject
Project("{8BC9CEB8-8B4A-11D0-8D11-00A0C91BC942}") = "Chapter1. C++ 표준 라이브러리 초단기 속성 코스", "Chapter1. C++ 표준 라이브러리 초단기 속성 코스\Chapter1. C++ 표준 라이브러리 초단기 속성 코스.vcxproj", "{5934395D-8E5A-480F-A217-6DCCC5E6D30B}"
EndProject
Project("{8BC9CEB8-8B4A-11D0-8D11-00A0C91BC942}") = "Practices", "Practices\Practices.vcxproj", "{5CCFCCFE-3978-4121-856E-B17B0AE7D968}"
EndProject
Project("{8BC9CEB8-8B4A-11D0-8D11-00A0C91BC942}") = "Chapter2. 스트링과 스트링 뷰 다루기", "Chapter2\Chapter2.vcxproj", "{3EEA311D-52D6-4857-B752-33372919085A}"
EndProject
Project("{8BC9CEB8-8B4A-11D0-8D11-00A0C91BC942}") = "Chapter5. 객체지향 설계", "Chapter5. 객체지향 설계\Chapter5. 객체지향 설계.vcxproj", "{FE3463AE-A1E4-4D3B-98BB-F61E03138546}"
EndProject
Project("{8BC9CEB8-8B4A-11D0-8D11-00A0C91BC942}") = "Chapter6. 재사용을 고려한 설계", "Chapter6. 재사용을 고려한 설계\Chapter6. 재사용을 고려한 설계.vcxproj", "{CF2DFE52-E0B6-4652-8155-50EA610D4A80}"
EndProject
Global
	GlobalSection(SolutionConfigurationPlatforms) = preSolution
		Debug|x64 = Debug|x64
		Debug|x86 = Debug|x86
		Release|x64 = Release|x64
		Release|x86 = Release|x86
	EndGlobalSection
	GlobalSection(ProjectConfigurationPlatforms) = postSolution
		{C086D628-3124-49BD-98B7-01B2AF114831}.Debug|x64.ActiveCfg = Debug|x64
		{C086D628-3124-49BD-98B7-01B2AF114831}.Debug|x64.Build.0 = Debug|x64
		{C086D628-3124-49BD-98B7-01B2AF114831}.Debug|x86.ActiveCfg = Debug|Win32
		{C086D628-3124-49BD-98B7-01B2AF114831}.Debug|x86.Build.0 = Debug|Win32
		{C086D628-3124-49BD-98B7-01B2AF114831}.Release|x64.ActiveCfg = Release|x64
		{C086D628-3124-49BD-98B7-01B2AF114831}.Release|x64.Build.0 = Release|x64
		{C086D628-3124-49BD-98B7-01B2AF114831}.Release|x86.ActiveCfg = Release|Win32
		{C086D628-3124-49BD-98B7-01B2AF114831}.Release|x86.Build.0 = Release|Win32
		{5934395D-8E5A-480F-A217-6DCCC5E6D30B}.Debug|x64.ActiveCfg = Debug|x64
		{5934395D-8E5A-480F-A217-6DCCC5E6D30B}.Debug|x64.Build.0 = Debug|x64
		{5934395D-8E5A-480F-A217-6DCCC5E6D30B}.Debug|x86.ActiveCfg = Debug|Win32
		{5934395D-8E5A-480F-A217-6DCCC5E6D30B}.Debug|x86.Build.0 = Debug|Win32
		{5934395D-8E5A-480F-A217-6DCCC5E6D30B}.Release|x64.ActiveCfg = Release|x64
		{5934395D-8E5A-480F-A217-6DCCC5E6D30B}.Release|x64.Build.0 = Release|x64
		{5934395D-8E5A-480F-A217-6DCCC5E6D30B}.Release|x86.ActiveCfg = Release|Win32
		{5934395D-8E5A-480F-A217-6DCCC5E6D30B}.Release|x86.Build.0 = Release|Win32
		{5CCFCCFE-3978-4121-856E-B17B0AE7D968}.Debug|x64.ActiveCfg = Debug|x64
		{5CCFCCFE-3978-4121-856E-B17B0AE7D968}.Debug|x64.Build.0 = Debug|x64
		{5CCFCCFE-3978-4121-856E-B17B0AE7D968}.Debug|x86.ActiveCfg = Debug|Win32
		{5CCFCCFE-3978-4121-856E-B17B0AE7D968}.Debug|x86.Build.0 = Debug|Win32
		{5CCFCCFE-3978-4121-856E-B17B0AE7D968}.Release|x64.ActiveCfg = Release|x64
		{5CCFCCFE-3978-4121-856E-B17B0AE7D968}.Release|x64.Build.0 = Release|x64
		{5CCFCCFE-3978-4121-856E-B17B0AE7D968}.Release|x86.ActiveCfg = Release|Win32
		{5CCFCCFE-3978-4121-856E-B17B0AE7D968}.Release|x86.Build.0 = Release|Win32
		{3EEA311D-52D6-4857-B752-33372919085A}.Debug|x64.ActiveCfg = Debug|x64
		{3EEA311D-52D6-4857-B752-33372919085A}.Debug|x64.Build.0 = Debug|x64
		{3EEA311D-52D6-4857-B752-33372919085A}.Debug|x86.ActiveCfg = Debug|Win32
		{3EEA311D-52D6-4857-B752-33372919085A}.Debug|x86.Build.0 = Debug|Win32
		{3EEA311D-52D6-4857-B752-33372919085A}.Release|x64.ActiveCfg = Release|x64
		{3EEA311D-52D6-4857-B752-33372919085A}.Release|x64.Build.0 = Release|x64
		{3EEA311D-52D6-4857-B752-33372919085A}.Release|x86.ActiveCfg = Release|Win32
		{3EEA311D-52D6-4857-B752-33372919085A}.Release|x86.Build.0 = Release|Win32
		{FE3463AE-A1E4-4D3B-98BB-F61E03138546}.Debug|x64.ActiveCfg = Debug|x64
		{FE3463AE-A1E4-4D3B-98BB-F61E03138546}.Debug|x64.Build.0 = Debug|x64
		{FE3463AE-A1E4-4D3B-98BB-F61E03138546}.Debug|x86.ActiveCfg = Debug|Win32
		{FE3463AE-A1E4-4D3B-98BB-F61E03138546}.Debug|x86.Build.0 = Debug|Win32
		{FE3463AE-A1E4-4D3B-98BB-F61E03138546}.Release|x64.ActiveCfg = Release|x64
		{FE3463AE-A1E4-4D3B-98BB-F61E03138546}.Release|x64.Build.0 = Release|x64
		{FE3463AE-A1E4-4D3B-98BB-F61E03138546}.Release|x86.ActiveCfg = Release|Win32
		{FE3463AE-A1E4-4D3B-98BB-F61E03138546}.Release|x86.Build.0 = Release|Win32
		{CF2DFE52-E0B6-4652-8155-50EA610D4A80}.Debug|x64.ActiveCfg = Debug|x64
		{CF2DFE52-E0B6-4652-8155-50EA610D4A80}.Debug|x64.Build.0 = Debug|x64
		{CF2DFE52-E0B6-4652-8155-50EA610D4A80}.Debug|x86.ActiveCfg = Debug|Win32
		{CF2DFE52-E0B6-4652-8155-50EA610D4A80}.Debug|x86.Build.0 = Debug|Win32
		{CF2DFE52-E0B6-4652-8155-50EA610D4A80}.Release|x64.ActiveCfg = Release|x64
		{CF2DFE52-E0B6-4652-8155-50EA610D4A80}.Release|x64.Build.0 = Release|x64
		{CF2DFE52-E0B6-4652-8155-50EA610D4A80}.Release|x86.ActiveCfg = Release|Win32
		{CF2DFE52-E0B6-4652-8155-50EA610D4A80}.Release|x86.Build.0 = Release|Win32
	EndGlobalSection
	GlobalSection(SolutionProperties) = preSolution
		HideSolutionNode = FALSE
	EndGlobalSection
	GlobalSection(ExtensibilityGlobals) = postSolution
		SolutionGuid = {20B797C7-83E1-4003-9543-B8BB453EEB57}
	EndGlobalSection
EndGlobal
